
Microsoft Visual Studio Solution File, Format Version 12.00
# Visual Studio Version 16
VisualStudioVersion = 16.0.29806.167
MinimumVisualStudioVersion = 10.0.40219.1
Project("{9A19103F-16F7-4668-BE54-9A1E7A4F7556}") = "IeXod", "src\Build\IeXod.csproj", "{69BE05E2-CBDA-4D27-9733-44E12B0F5627}"
EndProject
Project("{9A19103F-16F7-4668-BE54-9A1E7A4F7556}") = "Xunit.NetCore.Extensions", "src\Xunit.NetCore.Extensions\Xunit.NetCore.Extensions.csproj", "{66C6C1ED-30E7-45DD-9F73-2FBB7889CDBA}"
EndProject
Project("{9A19103F-16F7-4668-BE54-9A1E7A4F7556}") = "IeXod.UnitTests", "src\Build.UnitTests\IeXod.UnitTests.csproj", "{423C1BDE-6CC0-43B3-A751-705A03A4535C}"
EndProject
Project("{9A19103F-16F7-4668-BE54-9A1E7A4F7556}") = "IeXod.MSBSdkResolver.Tests", "src\DotNet.Sdk\IeXod.MSBSdkResolver.Tests\IeXod.MSBSdkResolver.Tests.csproj", "{322E91D3-6FAD-4EC7-89EB-CE4B8F83668E}"
EndProject
Project("{9A19103F-16F7-4668-BE54-9A1E7A4F7556}") = "Microsoft.NET.TestFramework", "src\DotNet.Sdk\Microsoft.NET.TestFramework\Microsoft.NET.TestFramework.csproj", "{22B48893-ED58-4C4F-92DE-B1FF61963166}"
EndProject
Project("{9A19103F-16F7-4668-BE54-9A1E7A4F7556}") = "Microsoft.DotNet.Cli.Utils", "src\DotNet.Sdk\Microsoft.DotNet.Cli.Utils\Microsoft.DotNet.Cli.Utils.csproj", "{1AE8CBEB-C0C0-4021-A959-E8745488674A}"
EndProject
Project("{9A19103F-16F7-4668-BE54-9A1E7A4F7556}") = "Microsoft.DotNet.InternalAbstractions", "src\DotNet.Sdk\Microsoft.DotNet.InternalAbstractions\Microsoft.DotNet.InternalAbstractions.csproj", "{08F08DC6-767F-4BC3-B8FD-79156198737C}"
EndProject
Project("{2150E333-8FDC-42A3-9474-1A3956D46DE8}") = "DotNet.Sdk", "DotNet.Sdk", "{C402565F-F2DD-4E5B-8B76-DA420BC8CE9D}"
EndProject
Project("{2150E333-8FDC-42A3-9474-1A3956D46DE8}") = "Core", "Core", "{92A2345C-F8B5-43DA-AD68-6EC7A63AABEE}"
EndProject
Project("{9A19103F-16F7-4668-BE54-9A1E7A4F7556}") = "IeXod.Framework.UnitTests", "src\Framework.UnitTests\IeXod.Framework.UnitTests.csproj", "{CDFFECEC-EC5B-44E4-82BA-5AB8E1C4089A}"
EndProject
Project("{2150E333-8FDC-42A3-9474-1A3956D46DE8}") = "IeXod.Sdk", "IeXod.Sdk", "{307441F3-026C-4E27-99A2-31502F1D8A6E}"
EndProject
Project("{9A19103F-16F7-4668-BE54-9A1E7A4F7556}") = "SdkResolver", "src\Sdk\SdkResolver.csproj", "{04D85D78-6978-49C6-A363-21612F7DD1CA}"
EndProject
Global
	GlobalSection(SolutionConfigurationPlatforms) = preSolution
		Debug|Any CPU = Debug|Any CPU
		Debug|x64 = Debug|x64
		Debug|x86 = Debug|x86
		Debug-MONO|Any CPU = Debug-MONO|Any CPU
		Debug-MONO|x64 = Debug-MONO|x64
		Debug-MONO|x86 = Debug-MONO|x86
		MachineIndependent|Any CPU = MachineIndependent|Any CPU
		MachineIndependent|x64 = MachineIndependent|x64
		MachineIndependent|x86 = MachineIndependent|x86
		Release|Any CPU = Release|Any CPU
		Release|x64 = Release|x64
		Release|x86 = Release|x86
		Release-MONO|Any CPU = Release-MONO|Any CPU
		Release-MONO|x64 = Release-MONO|x64
		Release-MONO|x86 = Release-MONO|x86
	EndGlobalSection
	GlobalSection(ProjectConfigurationPlatforms) = postSolution
		{69BE05E2-CBDA-4D27-9733-44E12B0F5627}.Debug|Any CPU.ActiveCfg = Debug|Any CPU
		{69BE05E2-CBDA-4D27-9733-44E12B0F5627}.Debug|Any CPU.Build.0 = Debug|Any CPU
		{69BE05E2-CBDA-4D27-9733-44E12B0F5627}.Debug|x64.ActiveCfg = Debug|x64
		{69BE05E2-CBDA-4D27-9733-44E12B0F5627}.Debug|x64.Build.0 = Debug|x64
		{69BE05E2-CBDA-4D27-9733-44E12B0F5627}.Debug|x86.ActiveCfg = Debug|Any CPU
		{69BE05E2-CBDA-4D27-9733-44E12B0F5627}.Debug|x86.Build.0 = Debug|Any CPU
		{69BE05E2-CBDA-4D27-9733-44E12B0F5627}.Debug-MONO|Any CPU.ActiveCfg = Debug-MONO|Any CPU
		{69BE05E2-CBDA-4D27-9733-44E12B0F5627}.Debug-MONO|Any CPU.Build.0 = Debug-MONO|Any CPU
		{69BE05E2-CBDA-4D27-9733-44E12B0F5627}.Debug-MONO|x64.ActiveCfg = Debug-MONO|x64
		{69BE05E2-CBDA-4D27-9733-44E12B0F5627}.Debug-MONO|x64.Build.0 = Debug-MONO|x64
		{69BE05E2-CBDA-4D27-9733-44E12B0F5627}.Debug-MONO|x86.ActiveCfg = Debug-MONO|Any CPU
		{69BE05E2-CBDA-4D27-9733-44E12B0F5627}.Debug-MONO|x86.Build.0 = Debug-MONO|Any CPU
		{69BE05E2-CBDA-4D27-9733-44E12B0F5627}.MachineIndependent|Any CPU.ActiveCfg = MachineIndependent|Any CPU
		{69BE05E2-CBDA-4D27-9733-44E12B0F5627}.MachineIndependent|Any CPU.Build.0 = MachineIndependent|Any CPU
		{69BE05E2-CBDA-4D27-9733-44E12B0F5627}.MachineIndependent|x64.ActiveCfg = MachineIndependent|x64
		{69BE05E2-CBDA-4D27-9733-44E12B0F5627}.MachineIndependent|x64.Build.0 = MachineIndependent|x64
		{69BE05E2-CBDA-4D27-9733-44E12B0F5627}.MachineIndependent|x86.ActiveCfg = MachineIndependent|Any CPU
		{69BE05E2-CBDA-4D27-9733-44E12B0F5627}.MachineIndependent|x86.Build.0 = MachineIndependent|Any CPU
		{69BE05E2-CBDA-4D27-9733-44E12B0F5627}.Release|Any CPU.ActiveCfg = Release|Any CPU
		{69BE05E2-CBDA-4D27-9733-44E12B0F5627}.Release|Any CPU.Build.0 = Release|Any CPU
		{69BE05E2-CBDA-4D27-9733-44E12B0F5627}.Release|x64.ActiveCfg = Release|x64
		{69BE05E2-CBDA-4D27-9733-44E12B0F5627}.Release|x64.Build.0 = Release|x64
		{69BE05E2-CBDA-4D27-9733-44E12B0F5627}.Release|x86.ActiveCfg = Release|Any CPU
		{69BE05E2-CBDA-4D27-9733-44E12B0F5627}.Release|x86.Build.0 = Release|Any CPU
		{69BE05E2-CBDA-4D27-9733-44E12B0F5627}.Release-MONO|Any CPU.ActiveCfg = Release-MONO|Any CPU
		{69BE05E2-CBDA-4D27-9733-44E12B0F5627}.Release-MONO|Any CPU.Build.0 = Release-MONO|Any CPU
		{69BE05E2-CBDA-4D27-9733-44E12B0F5627}.Release-MONO|x64.ActiveCfg = Release-MONO|x64
		{69BE05E2-CBDA-4D27-9733-44E12B0F5627}.Release-MONO|x64.Build.0 = Release-MONO|x64
		{69BE05E2-CBDA-4D27-9733-44E12B0F5627}.Release-MONO|x86.ActiveCfg = Release-MONO|Any CPU
		{69BE05E2-CBDA-4D27-9733-44E12B0F5627}.Release-MONO|x86.Build.0 = Release-MONO|Any CPU
		{66C6C1ED-30E7-45DD-9F73-2FBB7889CDBA}.Debug|Any CPU.ActiveCfg = Debug|Any CPU
		{66C6C1ED-30E7-45DD-9F73-2FBB7889CDBA}.Debug|Any CPU.Build.0 = Debug|Any CPU
		{66C6C1ED-30E7-45DD-9F73-2FBB7889CDBA}.Debug|x64.ActiveCfg = Debug|x64
		{66C6C1ED-30E7-45DD-9F73-2FBB7889CDBA}.Debug|x64.Build.0 = Debug|x64
		{66C6C1ED-30E7-45DD-9F73-2FBB7889CDBA}.Debug|x86.ActiveCfg = Debug|Any CPU
		{66C6C1ED-30E7-45DD-9F73-2FBB7889CDBA}.Debug|x86.Build.0 = Debug|Any CPU
		{66C6C1ED-30E7-45DD-9F73-2FBB7889CDBA}.Debug-MONO|Any CPU.ActiveCfg = Debug-MONO|Any CPU
		{66C6C1ED-30E7-45DD-9F73-2FBB7889CDBA}.Debug-MONO|Any CPU.Build.0 = Debug-MONO|Any CPU
		{66C6C1ED-30E7-45DD-9F73-2FBB7889CDBA}.Debug-MONO|x64.ActiveCfg = Debug-MONO|x64
		{66C6C1ED-30E7-45DD-9F73-2FBB7889CDBA}.Debug-MONO|x64.Build.0 = Debug-MONO|x64
		{66C6C1ED-30E7-45DD-9F73-2FBB7889CDBA}.Debug-MONO|x86.ActiveCfg = Debug-MONO|Any CPU
		{66C6C1ED-30E7-45DD-9F73-2FBB7889CDBA}.Debug-MONO|x86.Build.0 = Debug-MONO|Any CPU
		{66C6C1ED-30E7-45DD-9F73-2FBB7889CDBA}.MachineIndependent|Any CPU.ActiveCfg = MachineIndependent|Any CPU
		{66C6C1ED-30E7-45DD-9F73-2FBB7889CDBA}.MachineIndependent|Any CPU.Build.0 = MachineIndependent|Any CPU
		{66C6C1ED-30E7-45DD-9F73-2FBB7889CDBA}.MachineIndependent|x64.ActiveCfg = MachineIndependent|x64
		{66C6C1ED-30E7-45DD-9F73-2FBB7889CDBA}.MachineIndependent|x64.Build.0 = MachineIndependent|x64
		{66C6C1ED-30E7-45DD-9F73-2FBB7889CDBA}.MachineIndependent|x86.ActiveCfg = MachineIndependent|Any CPU
		{66C6C1ED-30E7-45DD-9F73-2FBB7889CDBA}.MachineIndependent|x86.Build.0 = MachineIndependent|Any CPU
		{66C6C1ED-30E7-45DD-9F73-2FBB7889CDBA}.Release|Any CPU.ActiveCfg = Release|Any CPU
		{66C6C1ED-30E7-45DD-9F73-2FBB7889CDBA}.Release|Any CPU.Build.0 = Release|Any CPU
		{66C6C1ED-30E7-45DD-9F73-2FBB7889CDBA}.Release|x64.ActiveCfg = Release|x64
		{66C6C1ED-30E7-45DD-9F73-2FBB7889CDBA}.Release|x64.Build.0 = Release|x64
		{66C6C1ED-30E7-45DD-9F73-2FBB7889CDBA}.Release|x86.ActiveCfg = Release|Any CPU
		{66C6C1ED-30E7-45DD-9F73-2FBB7889CDBA}.Release|x86.Build.0 = Release|Any CPU
		{66C6C1ED-30E7-45DD-9F73-2FBB7889CDBA}.Release-MONO|Any CPU.ActiveCfg = Release-MONO|Any CPU
		{66C6C1ED-30E7-45DD-9F73-2FBB7889CDBA}.Release-MONO|Any CPU.Build.0 = Release-MONO|Any CPU
		{66C6C1ED-30E7-45DD-9F73-2FBB7889CDBA}.Release-MONO|x64.ActiveCfg = Release-MONO|x64
		{66C6C1ED-30E7-45DD-9F73-2FBB7889CDBA}.Release-MONO|x64.Build.0 = Release-MONO|x64
		{66C6C1ED-30E7-45DD-9F73-2FBB7889CDBA}.Release-MONO|x86.ActiveCfg = Release-MONO|Any CPU
		{66C6C1ED-30E7-45DD-9F73-2FBB7889CDBA}.Release-MONO|x86.Build.0 = Release-MONO|Any CPU
		{423C1BDE-6CC0-43B3-A751-705A03A4535C}.Debug|Any CPU.ActiveCfg = Debug|Any CPU
		{423C1BDE-6CC0-43B3-A751-705A03A4535C}.Debug|Any CPU.Build.0 = Debug|Any CPU
		{423C1BDE-6CC0-43B3-A751-705A03A4535C}.Debug|x64.ActiveCfg = Debug|x64
		{423C1BDE-6CC0-43B3-A751-705A03A4535C}.Debug|x64.Build.0 = Debug|x64
		{423C1BDE-6CC0-43B3-A751-705A03A4535C}.Debug|x86.ActiveCfg = Debug|Any CPU
		{423C1BDE-6CC0-43B3-A751-705A03A4535C}.Debug|x86.Build.0 = Debug|Any CPU
		{423C1BDE-6CC0-43B3-A751-705A03A4535C}.Debug-MONO|Any CPU.ActiveCfg = Debug-MONO|Any CPU
		{423C1BDE-6CC0-43B3-A751-705A03A4535C}.Debug-MONO|Any CPU.Build.0 = Debug-MONO|Any CPU
		{423C1BDE-6CC0-43B3-A751-705A03A4535C}.Debug-MONO|x64.ActiveCfg = Debug-MONO|x64
		{423C1BDE-6CC0-43B3-A751-705A03A4535C}.Debug-MONO|x64.Build.0 = Debug-MONO|x64
		{423C1BDE-6CC0-43B3-A751-705A03A4535C}.Debug-MONO|x86.ActiveCfg = Debug-MONO|Any CPU
		{423C1BDE-6CC0-43B3-A751-705A03A4535C}.Debug-MONO|x86.Build.0 = Debug-MONO|Any CPU
		{423C1BDE-6CC0-43B3-A751-705A03A4535C}.MachineIndependent|Any CPU.ActiveCfg = MachineIndependent|Any CPU
		{423C1BDE-6CC0-43B3-A751-705A03A4535C}.MachineIndependent|Any CPU.Build.0 = MachineIndependent|Any CPU
		{423C1BDE-6CC0-43B3-A751-705A03A4535C}.MachineIndependent|x64.ActiveCfg = MachineIndependent|x64
		{423C1BDE-6CC0-43B3-A751-705A03A4535C}.MachineIndependent|x64.Build.0 = MachineIndependent|x64
		{423C1BDE-6CC0-43B3-A751-705A03A4535C}.MachineIndependent|x86.ActiveCfg = MachineIndependent|Any CPU
		{423C1BDE-6CC0-43B3-A751-705A03A4535C}.MachineIndependent|x86.Build.0 = MachineIndependent|Any CPU
		{423C1BDE-6CC0-43B3-A751-705A03A4535C}.Release|Any CPU.ActiveCfg = Release|Any CPU
		{423C1BDE-6CC0-43B3-A751-705A03A4535C}.Release|Any CPU.Build.0 = Release|Any CPU
		{423C1BDE-6CC0-43B3-A751-705A03A4535C}.Release|x64.ActiveCfg = Release|x64
		{423C1BDE-6CC0-43B3-A751-705A03A4535C}.Release|x64.Build.0 = Release|x64
		{423C1BDE-6CC0-43B3-A751-705A03A4535C}.Release|x86.ActiveCfg = Release|Any CPU
		{423C1BDE-6CC0-43B3-A751-705A03A4535C}.Release|x86.Build.0 = Release|Any CPU
		{423C1BDE-6CC0-43B3-A751-705A03A4535C}.Release-MONO|Any CPU.ActiveCfg = Release-MONO|Any CPU
		{423C1BDE-6CC0-43B3-A751-705A03A4535C}.Release-MONO|Any CPU.Build.0 = Release-MONO|Any CPU
		{423C1BDE-6CC0-43B3-A751-705A03A4535C}.Release-MONO|x64.ActiveCfg = Release-MONO|x64
		{423C1BDE-6CC0-43B3-A751-705A03A4535C}.Release-MONO|x64.Build.0 = Release-MONO|x64
		{423C1BDE-6CC0-43B3-A751-705A03A4535C}.Release-MONO|x86.ActiveCfg = Release-MONO|Any CPU
		{423C1BDE-6CC0-43B3-A751-705A03A4535C}.Release-MONO|x86.Build.0 = Release-MONO|Any CPU
		{322E91D3-6FAD-4EC7-89EB-CE4B8F83668E}.Debug|Any CPU.ActiveCfg = Debug|Any CPU
		{322E91D3-6FAD-4EC7-89EB-CE4B8F83668E}.Debug|Any CPU.Build.0 = Debug|Any CPU
		{322E91D3-6FAD-4EC7-89EB-CE4B8F83668E}.Debug|x64.ActiveCfg = Debug|x64
		{322E91D3-6FAD-4EC7-89EB-CE4B8F83668E}.Debug|x64.Build.0 = Debug|x64
		{322E91D3-6FAD-4EC7-89EB-CE4B8F83668E}.Debug|x86.ActiveCfg = Debug|Any CPU
		{322E91D3-6FAD-4EC7-89EB-CE4B8F83668E}.Debug|x86.Build.0 = Debug|Any CPU
		{322E91D3-6FAD-4EC7-89EB-CE4B8F83668E}.Debug-MONO|Any CPU.ActiveCfg = Debug-MONO|Any CPU
		{322E91D3-6FAD-4EC7-89EB-CE4B8F83668E}.Debug-MONO|Any CPU.Build.0 = Debug-MONO|Any CPU
		{322E91D3-6FAD-4EC7-89EB-CE4B8F83668E}.Debug-MONO|x64.ActiveCfg = Debug-MONO|x64
		{322E91D3-6FAD-4EC7-89EB-CE4B8F83668E}.Debug-MONO|x64.Build.0 = Debug-MONO|x64
		{322E91D3-6FAD-4EC7-89EB-CE4B8F83668E}.Debug-MONO|x86.ActiveCfg = Debug-MONO|Any CPU
		{322E91D3-6FAD-4EC7-89EB-CE4B8F83668E}.Debug-MONO|x86.Build.0 = Debug-MONO|Any CPU
		{322E91D3-6FAD-4EC7-89EB-CE4B8F83668E}.MachineIndependent|Any CPU.ActiveCfg = MachineIndependent|Any CPU
		{322E91D3-6FAD-4EC7-89EB-CE4B8F83668E}.MachineIndependent|Any CPU.Build.0 = MachineIndependent|Any CPU
		{322E91D3-6FAD-4EC7-89EB-CE4B8F83668E}.MachineIndependent|x64.ActiveCfg = MachineIndependent|x64
		{322E91D3-6FAD-4EC7-89EB-CE4B8F83668E}.MachineIndependent|x64.Build.0 = MachineIndependent|x64
		{322E91D3-6FAD-4EC7-89EB-CE4B8F83668E}.MachineIndependent|x86.ActiveCfg = Debug|Any CPU
		{322E91D3-6FAD-4EC7-89EB-CE4B8F83668E}.MachineIndependent|x86.Build.0 = Debug|Any CPU
		{322E91D3-6FAD-4EC7-89EB-CE4B8F83668E}.Release|Any CPU.ActiveCfg = Release|Any CPU
		{322E91D3-6FAD-4EC7-89EB-CE4B8F83668E}.Release|Any CPU.Build.0 = Release|Any CPU
		{322E91D3-6FAD-4EC7-89EB-CE4B8F83668E}.Release|x64.ActiveCfg = Release|x64
		{322E91D3-6FAD-4EC7-89EB-CE4B8F83668E}.Release|x64.Build.0 = Release|x64
		{322E91D3-6FAD-4EC7-89EB-CE4B8F83668E}.Release|x86.ActiveCfg = Release|Any CPU
		{322E91D3-6FAD-4EC7-89EB-CE4B8F83668E}.Release|x86.Build.0 = Release|Any CPU
		{322E91D3-6FAD-4EC7-89EB-CE4B8F83668E}.Release-MONO|Any CPU.ActiveCfg = Release-MONO|Any CPU
		{322E91D3-6FAD-4EC7-89EB-CE4B8F83668E}.Release-MONO|Any CPU.Build.0 = Release-MONO|Any CPU
		{322E91D3-6FAD-4EC7-89EB-CE4B8F83668E}.Release-MONO|x64.ActiveCfg = Release-MONO|x64
		{322E91D3-6FAD-4EC7-89EB-CE4B8F83668E}.Release-MONO|x64.Build.0 = Release-MONO|x64
		{322E91D3-6FAD-4EC7-89EB-CE4B8F83668E}.Release-MONO|x86.ActiveCfg = Release-MONO|Any CPU
		{322E91D3-6FAD-4EC7-89EB-CE4B8F83668E}.Release-MONO|x86.Build.0 = Release-MONO|Any CPU
		{22B48893-ED58-4C4F-92DE-B1FF61963166}.Debug|Any CPU.ActiveCfg = Debug|Any CPU
		{22B48893-ED58-4C4F-92DE-B1FF61963166}.Debug|Any CPU.Build.0 = Debug|Any CPU
		{22B48893-ED58-4C4F-92DE-B1FF61963166}.Debug|x64.ActiveCfg = Debug|x64
		{22B48893-ED58-4C4F-92DE-B1FF61963166}.Debug|x64.Build.0 = Debug|x64
		{22B48893-ED58-4C4F-92DE-B1FF61963166}.Debug|x86.ActiveCfg = Debug|Any CPU
		{22B48893-ED58-4C4F-92DE-B1FF61963166}.Debug|x86.Build.0 = Debug|Any CPU
		{22B48893-ED58-4C4F-92DE-B1FF61963166}.Debug-MONO|Any CPU.ActiveCfg = Debug-MONO|Any CPU
		{22B48893-ED58-4C4F-92DE-B1FF61963166}.Debug-MONO|Any CPU.Build.0 = Debug-MONO|Any CPU
		{22B48893-ED58-4C4F-92DE-B1FF61963166}.Debug-MONO|x64.ActiveCfg = Debug-MONO|x64
		{22B48893-ED58-4C4F-92DE-B1FF61963166}.Debug-MONO|x64.Build.0 = Debug-MONO|x64
		{22B48893-ED58-4C4F-92DE-B1FF61963166}.Debug-MONO|x86.ActiveCfg = Debug-MONO|Any CPU
		{22B48893-ED58-4C4F-92DE-B1FF61963166}.Debug-MONO|x86.Build.0 = Debug-MONO|Any CPU
		{22B48893-ED58-4C4F-92DE-B1FF61963166}.MachineIndependent|Any CPU.ActiveCfg = MachineIndependent|Any CPU
		{22B48893-ED58-4C4F-92DE-B1FF61963166}.MachineIndependent|Any CPU.Build.0 = MachineIndependent|Any CPU
		{22B48893-ED58-4C4F-92DE-B1FF61963166}.MachineIndependent|x64.ActiveCfg = MachineIndependent|x64
		{22B48893-ED58-4C4F-92DE-B1FF61963166}.MachineIndependent|x64.Build.0 = MachineIndependent|x64
		{22B48893-ED58-4C4F-92DE-B1FF61963166}.MachineIndependent|x86.ActiveCfg = Debug|Any CPU
		{22B48893-ED58-4C4F-92DE-B1FF61963166}.MachineIndependent|x86.Build.0 = Debug|Any CPU
		{22B48893-ED58-4C4F-92DE-B1FF61963166}.Release|Any CPU.ActiveCfg = Release|Any CPU
		{22B48893-ED58-4C4F-92DE-B1FF61963166}.Release|Any CPU.Build.0 = Release|Any CPU
		{22B48893-ED58-4C4F-92DE-B1FF61963166}.Release|x64.ActiveCfg = Release|x64
		{22B48893-ED58-4C4F-92DE-B1FF61963166}.Release|x64.Build.0 = Release|x64
		{22B48893-ED58-4C4F-92DE-B1FF61963166}.Release|x86.ActiveCfg = Release|Any CPU
		{22B48893-ED58-4C4F-92DE-B1FF61963166}.Release|x86.Build.0 = Release|Any CPU
		{22B48893-ED58-4C4F-92DE-B1FF61963166}.Release-MONO|Any CPU.ActiveCfg = Release-MONO|Any CPU
		{22B48893-ED58-4C4F-92DE-B1FF61963166}.Release-MONO|Any CPU.Build.0 = Release-MONO|Any CPU
		{22B48893-ED58-4C4F-92DE-B1FF61963166}.Release-MONO|x64.ActiveCfg = Release-MONO|x64
		{22B48893-ED58-4C4F-92DE-B1FF61963166}.Release-MONO|x64.Build.0 = Release-MONO|x64
		{22B48893-ED58-4C4F-92DE-B1FF61963166}.Release-MONO|x86.ActiveCfg = Release-MONO|Any CPU
		{22B48893-ED58-4C4F-92DE-B1FF61963166}.Release-MONO|x86.Build.0 = Release-MONO|Any CPU
		{1AE8CBEB-C0C0-4021-A959-E8745488674A}.Debug|Any CPU.ActiveCfg = Debug|Any CPU
		{1AE8CBEB-C0C0-4021-A959-E8745488674A}.Debug|Any CPU.Build.0 = Debug|Any CPU
		{1AE8CBEB-C0C0-4021-A959-E8745488674A}.Debug|x64.ActiveCfg = Debug|x64
		{1AE8CBEB-C0C0-4021-A959-E8745488674A}.Debug|x64.Build.0 = Debug|x64
		{1AE8CBEB-C0C0-4021-A959-E8745488674A}.Debug|x86.ActiveCfg = Debug|Any CPU
		{1AE8CBEB-C0C0-4021-A959-E8745488674A}.Debug|x86.Build.0 = Debug|Any CPU
		{1AE8CBEB-C0C0-4021-A959-E8745488674A}.Debug-MONO|Any CPU.ActiveCfg = Debug-MONO|Any CPU
		{1AE8CBEB-C0C0-4021-A959-E8745488674A}.Debug-MONO|Any CPU.Build.0 = Debug-MONO|Any CPU
		{1AE8CBEB-C0C0-4021-A959-E8745488674A}.Debug-MONO|x64.ActiveCfg = Debug-MONO|x64
		{1AE8CBEB-C0C0-4021-A959-E8745488674A}.Debug-MONO|x64.Build.0 = Debug-MONO|x64
		{1AE8CBEB-C0C0-4021-A959-E8745488674A}.Debug-MONO|x86.ActiveCfg = Debug-MONO|Any CPU
		{1AE8CBEB-C0C0-4021-A959-E8745488674A}.Debug-MONO|x86.Build.0 = Debug-MONO|Any CPU
		{1AE8CBEB-C0C0-4021-A959-E8745488674A}.MachineIndependent|Any CPU.ActiveCfg = MachineIndependent|Any CPU
		{1AE8CBEB-C0C0-4021-A959-E8745488674A}.MachineIndependent|Any CPU.Build.0 = MachineIndependent|Any CPU
		{1AE8CBEB-C0C0-4021-A959-E8745488674A}.MachineIndependent|x64.ActiveCfg = MachineIndependent|x64
		{1AE8CBEB-C0C0-4021-A959-E8745488674A}.MachineIndependent|x64.Build.0 = MachineIndependent|x64
		{1AE8CBEB-C0C0-4021-A959-E8745488674A}.MachineIndependent|x86.ActiveCfg = Debug|Any CPU
		{1AE8CBEB-C0C0-4021-A959-E8745488674A}.MachineIndependent|x86.Build.0 = Debug|Any CPU
		{1AE8CBEB-C0C0-4021-A959-E8745488674A}.Release|Any CPU.ActiveCfg = Release|Any CPU
		{1AE8CBEB-C0C0-4021-A959-E8745488674A}.Release|Any CPU.Build.0 = Release|Any CPU
		{1AE8CBEB-C0C0-4021-A959-E8745488674A}.Release|x64.ActiveCfg = Release|x64
		{1AE8CBEB-C0C0-4021-A959-E8745488674A}.Release|x64.Build.0 = Release|x64
		{1AE8CBEB-C0C0-4021-A959-E8745488674A}.Release|x86.ActiveCfg = Release|Any CPU
		{1AE8CBEB-C0C0-4021-A959-E8745488674A}.Release|x86.Build.0 = Release|Any CPU
		{1AE8CBEB-C0C0-4021-A959-E8745488674A}.Release-MONO|Any CPU.ActiveCfg = Release-MONO|Any CPU
		{1AE8CBEB-C0C0-4021-A959-E8745488674A}.Release-MONO|Any CPU.Build.0 = Release-MONO|Any CPU
		{1AE8CBEB-C0C0-4021-A959-E8745488674A}.Release-MONO|x64.ActiveCfg = Release-MONO|x64
		{1AE8CBEB-C0C0-4021-A959-E8745488674A}.Release-MONO|x64.Build.0 = Release-MONO|x64
		{1AE8CBEB-C0C0-4021-A959-E8745488674A}.Release-MONO|x86.ActiveCfg = Release-MONO|Any CPU
		{1AE8CBEB-C0C0-4021-A959-E8745488674A}.Release-MONO|x86.Build.0 = Release-MONO|Any CPU
		{08F08DC6-767F-4BC3-B8FD-79156198737C}.Debug|Any CPU.ActiveCfg = Debug|Any CPU
		{08F08DC6-767F-4BC3-B8FD-79156198737C}.Debug|Any CPU.Build.0 = Debug|Any CPU
		{08F08DC6-767F-4BC3-B8FD-79156198737C}.Debug|x64.ActiveCfg = Debug|x64
		{08F08DC6-767F-4BC3-B8FD-79156198737C}.Debug|x64.Build.0 = Debug|x64
		{08F08DC6-767F-4BC3-B8FD-79156198737C}.Debug|x86.ActiveCfg = Debug|Any CPU
		{08F08DC6-767F-4BC3-B8FD-79156198737C}.Debug|x86.Build.0 = Debug|Any CPU
		{08F08DC6-767F-4BC3-B8FD-79156198737C}.Debug-MONO|Any CPU.ActiveCfg = Debug-MONO|Any CPU
		{08F08DC6-767F-4BC3-B8FD-79156198737C}.Debug-MONO|Any CPU.Build.0 = Debug-MONO|Any CPU
		{08F08DC6-767F-4BC3-B8FD-79156198737C}.Debug-MONO|x64.ActiveCfg = Debug-MONO|x64
		{08F08DC6-767F-4BC3-B8FD-79156198737C}.Debug-MONO|x64.Build.0 = Debug-MONO|x64
		{08F08DC6-767F-4BC3-B8FD-79156198737C}.Debug-MONO|x86.ActiveCfg = Debug-MONO|Any CPU
		{08F08DC6-767F-4BC3-B8FD-79156198737C}.Debug-MONO|x86.Build.0 = Debug-MONO|Any CPU
		{08F08DC6-767F-4BC3-B8FD-79156198737C}.MachineIndependent|Any CPU.ActiveCfg = MachineIndependent|Any CPU
		{08F08DC6-767F-4BC3-B8FD-79156198737C}.MachineIndependent|Any CPU.Build.0 = MachineIndependent|Any CPU
		{08F08DC6-767F-4BC3-B8FD-79156198737C}.MachineIndependent|x64.ActiveCfg = MachineIndependent|x64
		{08F08DC6-767F-4BC3-B8FD-79156198737C}.MachineIndependent|x64.Build.0 = MachineIndependent|x64
		{08F08DC6-767F-4BC3-B8FD-79156198737C}.MachineIndependent|x86.ActiveCfg = Debug|Any CPU
		{08F08DC6-767F-4BC3-B8FD-79156198737C}.MachineIndependent|x86.Build.0 = Debug|Any CPU
		{08F08DC6-767F-4BC3-B8FD-79156198737C}.Release|Any CPU.ActiveCfg = Release|Any CPU
		{08F08DC6-767F-4BC3-B8FD-79156198737C}.Release|Any CPU.Build.0 = Release|Any CPU
		{08F08DC6-767F-4BC3-B8FD-79156198737C}.Release|x64.ActiveCfg = Release|x64
		{08F08DC6-767F-4BC3-B8FD-79156198737C}.Release|x64.Build.0 = Release|x64
		{08F08DC6-767F-4BC3-B8FD-79156198737C}.Release|x86.ActiveCfg = Release|Any CPU
		{08F08DC6-767F-4BC3-B8FD-79156198737C}.Release|x86.Build.0 = Release|Any CPU
		{08F08DC6-767F-4BC3-B8FD-79156198737C}.Release-MONO|Any CPU.ActiveCfg = Release-MONO|Any CPU
		{08F08DC6-767F-4BC3-B8FD-79156198737C}.Release-MONO|Any CPU.Build.0 = Release-MONO|Any CPU
		{08F08DC6-767F-4BC3-B8FD-79156198737C}.Release-MONO|x64.ActiveCfg = Release-MONO|x64
		{08F08DC6-767F-4BC3-B8FD-79156198737C}.Release-MONO|x64.Build.0 = Release-MONO|x64
		{08F08DC6-767F-4BC3-B8FD-79156198737C}.Release-MONO|x86.ActiveCfg = Release-MONO|Any CPU
		{08F08DC6-767F-4BC3-B8FD-79156198737C}.Release-MONO|x86.Build.0 = Release-MONO|Any CPU
		{CDFFECEC-EC5B-44E4-82BA-5AB8E1C4089A}.Debug|Any CPU.ActiveCfg = Debug|Any CPU
		{CDFFECEC-EC5B-44E4-82BA-5AB8E1C4089A}.Debug|Any CPU.Build.0 = Debug|Any CPU
		{CDFFECEC-EC5B-44E4-82BA-5AB8E1C4089A}.Debug|x64.ActiveCfg = Debug|x64
		{CDFFECEC-EC5B-44E4-82BA-5AB8E1C4089A}.Debug|x64.Build.0 = Debug|x64
		{CDFFECEC-EC5B-44E4-82BA-5AB8E1C4089A}.Debug|x86.ActiveCfg = Debug|Any CPU
		{CDFFECEC-EC5B-44E4-82BA-5AB8E1C4089A}.Debug|x86.Build.0 = Debug|Any CPU
		{CDFFECEC-EC5B-44E4-82BA-5AB8E1C4089A}.Debug-MONO|Any CPU.ActiveCfg = Debug-MONO|Any CPU
		{CDFFECEC-EC5B-44E4-82BA-5AB8E1C4089A}.Debug-MONO|Any CPU.Build.0 = Debug-MONO|Any CPU
		{CDFFECEC-EC5B-44E4-82BA-5AB8E1C4089A}.Debug-MONO|x64.ActiveCfg = Debug-MONO|x64
		{CDFFECEC-EC5B-44E4-82BA-5AB8E1C4089A}.Debug-MONO|x64.Build.0 = Debug-MONO|x64
		{CDFFECEC-EC5B-44E4-82BA-5AB8E1C4089A}.Debug-MONO|x86.ActiveCfg = Debug-MONO|Any CPU
		{CDFFECEC-EC5B-44E4-82BA-5AB8E1C4089A}.Debug-MONO|x86.Build.0 = Debug-MONO|Any CPU
		{CDFFECEC-EC5B-44E4-82BA-5AB8E1C4089A}.MachineIndependent|Any CPU.ActiveCfg = MachineIndependent|Any CPU
		{CDFFECEC-EC5B-44E4-82BA-5AB8E1C4089A}.MachineIndependent|Any CPU.Build.0 = MachineIndependent|Any CPU
		{CDFFECEC-EC5B-44E4-82BA-5AB8E1C4089A}.MachineIndependent|x64.ActiveCfg = MachineIndependent|x64
		{CDFFECEC-EC5B-44E4-82BA-5AB8E1C4089A}.MachineIndependent|x64.Build.0 = MachineIndependent|x64
		{CDFFECEC-EC5B-44E4-82BA-5AB8E1C4089A}.MachineIndependent|x86.ActiveCfg = Debug|Any CPU
		{CDFFECEC-EC5B-44E4-82BA-5AB8E1C4089A}.MachineIndependent|x86.Build.0 = Debug|Any CPU
		{CDFFECEC-EC5B-44E4-82BA-5AB8E1C4089A}.Release|Any CPU.ActiveCfg = Release|Any CPU
		{CDFFECEC-EC5B-44E4-82BA-5AB8E1C4089A}.Release|Any CPU.Build.0 = Release|Any CPU
		{CDFFECEC-EC5B-44E4-82BA-5AB8E1C4089A}.Release|x64.ActiveCfg = Release|x64
		{CDFFECEC-EC5B-44E4-82BA-5AB8E1C4089A}.Release|x64.Build.0 = Release|x64
		{CDFFECEC-EC5B-44E4-82BA-5AB8E1C4089A}.Release|x86.ActiveCfg = Release|Any CPU
		{CDFFECEC-EC5B-44E4-82BA-5AB8E1C4089A}.Release|x86.Build.0 = Release|Any CPU
		{CDFFECEC-EC5B-44E4-82BA-5AB8E1C4089A}.Release-MONO|Any CPU.ActiveCfg = Release-MONO|Any CPU
		{CDFFECEC-EC5B-44E4-82BA-5AB8E1C4089A}.Release-MONO|Any CPU.Build.0 = Release-MONO|Any CPU
		{CDFFECEC-EC5B-44E4-82BA-5AB8E1C4089A}.Release-MONO|x64.ActiveCfg = Release-MONO|x64
		{CDFFECEC-EC5B-44E4-82BA-5AB8E1C4089A}.Release-MONO|x64.Build.0 = Release-MONO|x64
		{CDFFECEC-EC5B-44E4-82BA-5AB8E1C4089A}.Release-MONO|x86.ActiveCfg = Release-MONO|Any CPU
		{CDFFECEC-EC5B-44E4-82BA-5AB8E1C4089A}.Release-MONO|x86.Build.0 = Release-MONO|Any CPU
		{04D85D78-6978-49C6-A363-21612F7DD1CA}.Debug|Any CPU.ActiveCfg = Debug|Any CPU
		{04D85D78-6978-49C6-A363-21612F7DD1CA}.Debug|Any CPU.Build.0 = Debug|Any CPU
		{04D85D78-6978-49C6-A363-21612F7DD1CA}.Debug|x64.ActiveCfg = Debug|x64
		{04D85D78-6978-49C6-A363-21612F7DD1CA}.Debug|x64.Build.0 = Debug|x64
		{04D85D78-6978-49C6-A363-21612F7DD1CA}.Debug|x86.ActiveCfg = Debug|Any CPU
		{04D85D78-6978-49C6-A363-21612F7DD1CA}.Debug|x86.Build.0 = Debug|Any CPU
		{04D85D78-6978-49C6-A363-21612F7DD1CA}.Debug-MONO|Any CPU.ActiveCfg = Debug-MONO|Any CPU
		{04D85D78-6978-49C6-A363-21612F7DD1CA}.Debug-MONO|Any CPU.Build.0 = Debug-MONO|Any CPU
		{04D85D78-6978-49C6-A363-21612F7DD1CA}.Debug-MONO|x64.ActiveCfg = Debug-MONO|x64
		{04D85D78-6978-49C6-A363-21612F7DD1CA}.Debug-MONO|x64.Build.0 = Debug-MONO|x64
		{04D85D78-6978-49C6-A363-21612F7DD1CA}.Debug-MONO|x86.ActiveCfg = Debug-MONO|Any CPU
		{04D85D78-6978-49C6-A363-21612F7DD1CA}.Debug-MONO|x86.Build.0 = Debug-MONO|Any CPU
		{04D85D78-6978-49C6-A363-21612F7DD1CA}.MachineIndependent|Any CPU.ActiveCfg = MachineIndependent|Any CPU
		{04D85D78-6978-49C6-A363-21612F7DD1CA}.MachineIndependent|Any CPU.Build.0 = MachineIndependent|Any CPU
		{04D85D78-6978-49C6-A363-21612F7DD1CA}.MachineIndependent|x64.ActiveCfg = MachineIndependent|x64
		{04D85D78-6978-49C6-A363-21612F7DD1CA}.MachineIndependent|x64.Build.0 = MachineIndependent|x64
		{04D85D78-6978-49C6-A363-21612F7DD1CA}.MachineIndependent|x86.ActiveCfg = MachineIndependent|Any CPU
		{04D85D78-6978-49C6-A363-21612F7DD1CA}.MachineIndependent|x86.Build.0 = MachineIndependent|Any CPU
		{04D85D78-6978-49C6-A363-21612F7DD1CA}.Release|Any CPU.ActiveCfg = Release|Any CPU
		{04D85D78-6978-49C6-A363-21612F7DD1CA}.Release|Any CPU.Build.0 = Release|Any CPU
		{04D85D78-6978-49C6-A363-21612F7DD1CA}.Release|x64.ActiveCfg = Release|x64
		{04D85D78-6978-49C6-A363-21612F7DD1CA}.Release|x64.Build.0 = Release|x64
		{04D85D78-6978-49C6-A363-21612F7DD1CA}.Release|x86.ActiveCfg = Release|Any CPU
		{04D85D78-6978-49C6-A363-21612F7DD1CA}.Release|x86.Build.0 = Release|Any CPU
		{04D85D78-6978-49C6-A363-21612F7DD1CA}.Release-MONO|Any CPU.ActiveCfg = Release-MONO|Any CPU
		{04D85D78-6978-49C6-A363-21612F7DD1CA}.Release-MONO|Any CPU.Build.0 = Release-MONO|Any CPU
		{04D85D78-6978-49C6-A363-21612F7DD1CA}.Release-MONO|x64.ActiveCfg = Release-MONO|x64
		{04D85D78-6978-49C6-A363-21612F7DD1CA}.Release-MONO|x64.Build.0 = Release-MONO|x64
		{04D85D78-6978-49C6-A363-21612F7DD1CA}.Release-MONO|x86.ActiveCfg = Release-MONO|Any CPU
		{04D85D78-6978-49C6-A363-21612F7DD1CA}.Release-MONO|x86.Build.0 = Release-MONO|Any CPU
	EndGlobalSection
	GlobalSection(SolutionProperties) = preSolution
		HideSolutionNode = FALSE
	EndGlobalSection
	GlobalSection(NestedProjects) = preSolution
		{69BE05E2-CBDA-4D27-9733-44E12B0F5627} = {92A2345C-F8B5-43DA-AD68-6EC7A63AABEE}
		{66C6C1ED-30E7-45DD-9F73-2FBB7889CDBA} = {92A2345C-F8B5-43DA-AD68-6EC7A63AABEE}
		{423C1BDE-6CC0-43B3-A751-705A03A4535C} = {92A2345C-F8B5-43DA-AD68-6EC7A63AABEE}
		{322E91D3-6FAD-4EC7-89EB-CE4B8F83668E} = {C402565F-F2DD-4E5B-8B76-DA420BC8CE9D}
		{22B48893-ED58-4C4F-92DE-B1FF61963166} = {C402565F-F2DD-4E5B-8B76-DA420BC8CE9D}
		{1AE8CBEB-C0C0-4021-A959-E8745488674A} = {C402565F-F2DD-4E5B-8B76-DA420BC8CE9D}
		{08F08DC6-767F-4BC3-B8FD-79156198737C} = {C402565F-F2DD-4E5B-8B76-DA420BC8CE9D}
		{CDFFECEC-EC5B-44E4-82BA-5AB8E1C4089A} = {92A2345C-F8B5-43DA-AD68-6EC7A63AABEE}
		{04D85D78-6978-49C6-A363-21612F7DD1CA} = {307441F3-026C-4E27-99A2-31502F1D8A6E}
	EndGlobalSection
	GlobalSection(ExtensibilityGlobals) = postSolution
		SolutionGuid = {F948D667-14E3-4F98-BA50-3F3C948BF4C2}
	EndGlobalSection
EndGlobal
